
Microsoft Visual Studio Solution File, Format Version 12.00
# Visual Studio Version 16
VisualStudioVersion = 16.0.30413.136
MinimumVisualStudioVersion = 10.0.40219.1
Project("{FAE04EC0-301F-11D3-BF4B-00C04F79EFBC}") = "RockPaperScissors", "RockPaperScissors.csproj", "{F1C8CD99-6A6F-490F-A52D-1F1EF4471370}"
EndProject
Global
	GlobalSection(SolutionConfigurationPlatforms) = preSolution
		Debug|Any CPU = Debug|Any CPU
		Release|Any CPU = Release|Any CPU
	EndGlobalSection
	GlobalSection(ProjectConfigurationPlatforms) = postSolution
		{F1C8CD99-6A6F-490F-A52D-1F1EF4471370}.Debug|Any CPU.ActiveCfg = Debug|Any CPU
		{F1C8CD99-6A6F-490F-A52D-1F1EF4471370}.Debug|Any CPU.Build.0 = Debug|Any CPU
		{F1C8CD99-6A6F-490F-A52D-1F1EF4471370}.Release|Any CPU.ActiveCfg = Release|Any CPU
		{F1C8CD99-6A6F-490F-A52D-1F1EF4471370}.Release|Any CPU.Build.0 = Release|Any CPU
	EndGlobalSection
	GlobalSection(SolutionProperties) = preSolution
		HideSolutionNode = FALSE
	EndGlobalSection
	GlobalSection(ExtensibilityGlobals) = postSolution
		SolutionGuid = {298502D2-AAD5-44CB-87EA-8A7671EF9CC1}
	EndGlobalSection
EndGlobal
